
Microsoft Visual Studio Solution File, Format Version 12.00
# Visual Studio Version 17
VisualStudioVersion = 17.5.33530.505
MinimumVisualStudioVersion = 10.0.40219.1
Project("{FAE04EC0-301F-11D3-BF4B-00C04F79EFBC}") = "FluentProcessBuilder", "FluentProcessBuilder.csproj", "{D3F9722C-0409-4180-930A-F147C48C59F2}"
EndProject
Project("{FAE04EC0-301F-11D3-BF4B-00C04F79EFBC}") = "Playground", "..\Playground\Playground.csproj", "{B5A0413F-44EE-40F7-B9BB-9D5EE76E47AD}"
EndProject
Global
	GlobalSection(SolutionConfigurationPlatforms) = preSolution
		Debug|Any CPU = Debug|Any CPU
		Release|Any CPU = Release|Any CPU
	EndGlobalSection
	GlobalSection(ProjectConfigurationPlatforms) = postSolution
		{D3F9722C-0409-4180-930A-F147C48C59F2}.Debug|Any CPU.ActiveCfg = Debug|Any CPU
		{D3F9722C-0409-4180-930A-F147C48C59F2}.Debug|Any CPU.Build.0 = Debug|Any CPU
		{D3F9722C-0409-4180-930A-F147C48C59F2}.Release|Any CPU.ActiveCfg = Release|Any CPU
		{D3F9722C-0409-4180-930A-F147C48C59F2}.Release|Any CPU.Build.0 = Release|Any CPU
		{B5A0413F-44EE-40F7-B9BB-9D5EE76E47AD}.Debug|Any CPU.ActiveCfg = Debug|Any CPU
		{B5A0413F-44EE-40F7-B9BB-9D5EE76E47AD}.Debug|Any CPU.Build.0 = Debug|Any CPU
		{B5A0413F-44EE-40F7-B9BB-9D5EE76E47AD}.Release|Any CPU.ActiveCfg = Release|Any CPU
		{B5A0413F-44EE-40F7-B9BB-9D5EE76E47AD}.Release|Any CPU.Build.0 = Release|Any CPU
	EndGlobalSection
	GlobalSection(SolutionProperties) = preSolution
		HideSolutionNode = FALSE
	EndGlobalSection
	GlobalSection(ExtensibilityGlobals) = postSolution
		SolutionGuid = {470BA8A7-BDF9-4C16-A40D-7DF930E3B22D}
	EndGlobalSection
EndGlobal
